
Microsoft Visual Studio Solution File, Format Version 12.00
# Visual Studio 2013
VisualStudioVersion = 12.0.40629.0
MinimumVisualStudioVersion = 10.0.40219.1
Project("{FAE04EC0-301F-11D3-BF4B-00C04F79EFBC}") = "Net.Api", "Net.Api\Net.Api.csproj", "{96919E97-7CDD-43C8-8257-E4D0854490FC}"
EndProject
Project("{FAE04EC0-301F-11D3-BF4B-00C04F79EFBC}") = "Net.Common", "Net.Common\Net.Common.csproj", "{5D5CC3E3-4B53-47C7-BB76-DE737A86C4C1}"
EndProject
Project("{FAE04EC0-301F-11D3-BF4B-00C04F79EFBC}") = "Net.EngineConsole", "Net.EngineConsole\Net.EngineConsole.csproj", "{4FD9658C-AA9B-440C-B899-2455FDF2B075}"
EndProject
Project("{FAE04EC0-301F-11D3-BF4B-00C04F79EFBC}") = "Net.Server", "Net.Server\Net.Server.csproj", "{E68F6464-6C17-4C70-9BE8-5F7E1DDCBAA5}"
EndProject
Project("{FAE04EC0-301F-11D3-BF4B-00C04F79EFBC}") = "Spider", "Net.Spider\Spider.csproj", "{5876AF26-286E-4530-865B-44062E17AF98}"
EndProject
Project("{FAE04EC0-301F-11D3-BF4B-00C04F79EFBC}") = "Net.Utils", "Net.Utils\Net.Utils.csproj", "{A10FD44E-D6BD-4DB7-BA77-771982E85C28}"
EndProject
Project("{FAE04EC0-301F-11D3-BF4B-00C04F79EFBC}") = "Net.Models", "Net.Models\Net.Models.csproj", "{B8ED198D-B0DA-4055-8CDD-441DF17728E6}"
EndProject
Global
	GlobalSection(SolutionConfigurationPlatforms) = preSolution
		Debug|Any CPU = Debug|Any CPU
		Release|Any CPU = Release|Any CPU
	EndGlobalSection
	GlobalSection(ProjectConfigurationPlatforms) = postSolution
		{96919E97-7CDD-43C8-8257-E4D0854490FC}.Debug|Any CPU.ActiveCfg = Debug|Any CPU
		{96919E97-7CDD-43C8-8257-E4D0854490FC}.Debug|Any CPU.Build.0 = Debug|Any CPU
		{96919E97-7CDD-43C8-8257-E4D0854490FC}.Release|Any CPU.ActiveCfg = Release|Any CPU
		{96919E97-7CDD-43C8-8257-E4D0854490FC}.Release|Any CPU.Build.0 = Release|Any CPU
		{5D5CC3E3-4B53-47C7-BB76-DE737A86C4C1}.Debug|Any CPU.ActiveCfg = Debug|Any CPU
		{5D5CC3E3-4B53-47C7-BB76-DE737A86C4C1}.Debug|Any CPU.Build.0 = Debug|Any CPU
		{5D5CC3E3-4B53-47C7-BB76-DE737A86C4C1}.Release|Any CPU.ActiveCfg = Release|Any CPU
		{5D5CC3E3-4B53-47C7-BB76-DE737A86C4C1}.Release|Any CPU.Build.0 = Release|Any CPU
		{4FD9658C-AA9B-440C-B899-2455FDF2B075}.Debug|Any CPU.ActiveCfg = Debug|Any CPU
		{4FD9658C-AA9B-440C-B899-2455FDF2B075}.Debug|Any CPU.Build.0 = Debug|Any CPU
		{4FD9658C-AA9B-440C-B899-2455FDF2B075}.Release|Any CPU.ActiveCfg = Release|Any CPU
		{4FD9658C-AA9B-440C-B899-2455FDF2B075}.Release|Any CPU.Build.0 = Release|Any CPU
		{E68F6464-6C17-4C70-9BE8-5F7E1DDCBAA5}.Debug|Any CPU.ActiveCfg = Debug|Any CPU
		{E68F6464-6C17-4C70-9BE8-5F7E1DDCBAA5}.Debug|Any CPU.Build.0 = Debug|Any CPU
		{E68F6464-6C17-4C70-9BE8-5F7E1DDCBAA5}.Release|Any CPU.ActiveCfg = Release|Any CPU
		{E68F6464-6C17-4C70-9BE8-5F7E1DDCBAA5}.Release|Any CPU.Build.0 = Release|Any CPU
		{5876AF26-286E-4530-865B-44062E17AF98}.Debug|Any CPU.ActiveCfg = Debug|Any CPU
		{5876AF26-286E-4530-865B-44062E17AF98}.Debug|Any CPU.Build.0 = Debug|Any CPU
		{5876AF26-286E-4530-865B-44062E17AF98}.Release|Any CPU.ActiveCfg = Release|Any CPU
		{5876AF26-286E-4530-865B-44062E17AF98}.Release|Any CPU.Build.0 = Release|Any CPU
		{A10FD44E-D6BD-4DB7-BA77-771982E85C28}.Debug|Any CPU.ActiveCfg = Debug|Any CPU
		{A10FD44E-D6BD-4DB7-BA77-771982E85C28}.Debug|Any CPU.Build.0 = Debug|Any CPU
		{A10FD44E-D6BD-4DB7-BA77-771982E85C28}.Release|Any CPU.ActiveCfg = Release|Any CPU
		{A10FD44E-D6BD-4DB7-BA77-771982E85C28}.Release|Any CPU.Build.0 = Release|Any CPU
		{B8ED198D-B0DA-4055-8CDD-441DF17728E6}.Debug|Any CPU.ActiveCfg = Debug|Any CPU
		{B8ED198D-B0DA-4055-8CDD-441DF17728E6}.Debug|Any CPU.Build.0 = Debug|Any CPU
		{B8ED198D-B0DA-4055-8CDD-441DF17728E6}.Release|Any CPU.ActiveCfg = Release|Any CPU
		{B8ED198D-B0DA-4055-8CDD-441DF17728E6}.Release|Any CPU.Build.0 = Release|Any CPU
	EndGlobalSection
	GlobalSection(SolutionProperties) = preSolution
		HideSolutionNode = FALSE
	EndGlobalSection
	GlobalSection(MonoDevelopProperties) = preSolution
		StartupItem = FTServer.csproj
	EndGlobalSection
EndGlobal
